// !$*UTF8*$!
{
	archiveVersion = 1;
	classes = {
	};
	objectVersion = 46;
	objects = {

/* Begin PBXBuildFile section */
		5DAA3CD51F4E82C500FD61C7 /* main.swift in Sources */ = {isa = PBXBuildFile; fileRef = 5DAA3CD41F4E82C500FD61C7 /* main.swift */; };
		5DAA3CDC1F4E83E500FD61C7 /* IPATool.swift in Sources */ = {isa = PBXBuildFile; fileRef = 5DAA3CDB1F4E83E500FD61C7 /* IPATool.swift */; };
/* End PBXBuildFile section */

/* Begin PBXCopyFilesBuildPhase section */
		5DAA3CCF1F4E82C500FD61C7 /* CopyFiles */ = {
			isa = PBXCopyFilesBuildPhase;
			buildActionMask = 2147483647;
			dstPath = /usr/share/man/man1/;
			dstSubfolderSpec = 0;
			files = (
			);
			runOnlyForDeploymentPostprocessing = 1;
		};
/* End PBXCopyFilesBuildPhase section */

/* Begin PBXFileReference section */
		5DAA3CD11F4E82C500FD61C7 /* iPATools */ = {isa = PBXFileReference; explicitFileType = "compiled.mach-o.executable"; includeInIndex = 0; path = iPATools; sourceTree = BUILT_PRODUCTS_DIR; };
		5DAA3CD41F4E82C500FD61C7 /* main.swift */ = {isa = PBXFileReference; lastKnownFileType = sourcecode.swift; path = main.swift; sourceTree = "<group>"; };
		5DAA3CDB1F4E83E500FD61C7 /* IPATool.swift */ = {isa = PBXFileReference; fileEncoding = 4; lastKnownFileType = sourcecode.swift; path = IPATool.swift; sourceTree = "<group>"; };
/* End PBXFileReference section */

/* Begin PBXFrameworksBuildPhase section */
		5DAA3CCE1F4E82C500FD61C7 /* Frameworks */ = {
			isa = PBXFrameworksBuildPhase;
			buildActionMask = 2147483647;
			files = (
			);
			runOnlyForDeploymentPostprocessing = 0;
		};
/* End PBXFrameworksBuildPhase section */

/* Begin PBXGroup section */
		5DAA3CC81F4E82C500FD61C7 = {
			isa = PBXGroup;
			children = (
				5DAA3CD31F4E82C500FD61C7 /* iPATools */,
				5DAA3CD21F4E82C500FD61C7 /* Products */,
			);
			sourceTree = "<group>";
		};
		5DAA3CD21F4E82C500FD61C7 /* Products */ = {
			isa = PBXGroup;
			children = (
				5DAA3CD11F4E82C500FD61C7 /* iPATools */,
			);
			name = Products;
			sourceTree = "<group>";
		};
		5DAA3CD31F4E82C500FD61C7 /* iPATools */ = {
			isa = PBXGroup;
			children = (
				5DAA3CD41F4E82C500FD61C7 /* main.swift */,
				5DAA3CDB1F4E83E500FD61C7 /* IPATool.swift */,
			);
			path = iPATools;
			sourceTree = "<group>";
		};
/* End PBXGroup section */

/* Begin PBXNativeTarget section */
		5DAA3CD01F4E82C500FD61C7 /* iPATools */ = {
			isa = PBXNativeTarget;
			buildConfigurationList = 5DAA3CD81F4E82C500FD61C7 /* Build configuration list for PBXNativeTarget "iPATools" */;
			buildPhases = (
				5DAA3CCD1F4E82C500FD61C7 /* Sources */,
				5DAA3CCE1F4E82C500FD61C7 /* Frameworks */,
				5DAA3CCF1F4E82C500FD61C7 /* CopyFiles */,
			);
			buildRules = (
			);
			dependencies = (
			);
			name = iPATools;
			productName = iPATools;
			productReference = 5DAA3CD11F4E82C500FD61C7 /* iPATools */;
			productType = "com.apple.product-type.tool";
		};
/* End PBXNativeTarget section */

/* Begin PBXProject section */
		5DAA3CC91F4E82C500FD61C7 /* Project object */ = {
			isa = PBXProject;
			attributes = {
				LastSwiftUpdateCheck = 0830;
				LastUpgradeCheck = 0830;
				ORGANIZATIONNAME = "张行";
				TargetAttributes = {
					5DAA3CD01F4E82C500FD61C7 = {
						CreatedOnToolsVersion = 8.3.2;
						DevelopmentTeam = UL78A6B4GH;
						ProvisioningStyle = Automatic;
					};
				};
			};
			buildConfigurationList = 5DAA3CCC1F4E82C500FD61C7 /* Build configuration list for PBXProject "iPATools" */;
			compatibilityVersion = "Xcode 3.2";
			developmentRegion = English;
			hasScannedForEncodings = 0;
			knownRegions = (
				English,
				en,
			);
			mainGroup = 5DAA3CC81F4E82C500FD61C7;
			productRefGroup = 5DAA3CD21F4E82C500FD61C7 /* Products */;
			projectDirPath = "";
			projectRoot = "";
			targets = (
				5DAA3CD01F4E82C500FD61C7 /* iPATools */,
			);
		};
/* End PBXProject section */

/* Begin PBXSourcesBuildPhase section */
		5DAA3CCD1F4E82C500FD61C7 /* Sources */ = {
			isa = PBXSourcesBuildPhase;
			buildActionMask = 2147483647;
			files = (
				5DAA3CDC1F4E83E500FD61C7 /* IPATool.swift in Sources */,
				5DAA3CD51F4E82C500FD61C7 /* main.swift in Sources */,
			);
			runOnlyForDeploymentPostprocessing = 0;
		};
/* End PBXSourcesBuildPhase section */

/* Begin XCBuildConfiguration section */
		5DAA3CD61F4E82C500FD61C7 /* Debug */ = {
			isa = XCBuildConfiguration;
			buildSettings = {
				ALWAYS_SEARCH_USER_PATHS = NO;
				CLANG_ANALYZER_NONNULL = YES;
				CLANG_ANALYZER_NUMBER_OBJECT_CONVERSION = YES_AGGRESSIVE;
				CLANG_CXX_LANGUAGE_STANDARD = "gnu++0x";
				CLANG_CXX_LIBRARY = "libc++";
				CLANG_ENABLE_MODULES = YES;
				CLANG_ENABLE_OBJC_ARC = YES;
				CLANG_WARN_BOOL_CONVERSION = YES;
				CLANG_WARN_CONSTANT_CONVERSION = YES;
				CLANG_WARN_DIRECT_OBJC_ISA_USAGE = YES_ERROR;
				CLANG_WARN_DOCUMENTATION_COMMENTS = YES;
				CLANG_WARN_EMPTY_BODY = YES;
				CLANG_WARN_ENUM_CONVERSION = YES;
				CLANG_WARN_INFINITE_RECURSION = YES;
				CLANG_WARN_INT_CONVERSION = YES;
				CLANG_WARN_OBJC_ROOT_CLASS = YES_ERROR;
				CLANG_WARN_SUSPICIOUS_MOVE = YES;
				CLANG_WARN_UNREACHABLE_CODE = YES;
				CLANG_WARN__DUPLICATE_METHOD_MATCH = YES;
				CODE_SIGN_IDENTITY = "-";
				COPY_PHASE_STRIP = NO;
				DEBUG_INFORMATION_FORMAT = dwarf;
				ENABLE_STRICT_OBJC_MSGSEND = YES;
				ENABLE_TESTABILITY = YES;
				GCC_C_LANGUAGE_STANDARD = gnu99;
				GCC_DYNAMIC_NO_PIC = NO;
				GCC_NO_COMMON_BLOCKS = YES;
				GCC_OPTIMIZATION_LEVEL = 0;
				GCC_PREPROCESSOR_DEFINITIONS = (
					"DEBUG=1",
					"$(inherited)",
				);
				GCC_WARN_64_TO_32_BIT_CONVERSION = YES;
				GCC_WARN_ABOUT_RETURN_TYPE = YES_ERROR;
				GCC_WARN_UNDECLARED_SELECTOR = YES;
				GCC_WARN_UNINITIALIZED_AUTOS = YES_AGGRESSIVE;
				GCC_WARN_UNUSED_FUNCTION = YES;
				GCC_WARN_UNUSED_VARIABLE = YES;
				MACOSX_DEPLOYMENT_TARGET = 10.12;
				MTL_ENABLE_DEBUG_INFO = YES;
				ONLY_ACTIVE_ARCH = YES;
				SDKROOT = macosx;
				SWIFT_OPTIMIZATION_LEVEL = "-Onone";
			};
			name = Debug;
		};
		5DAA3CD71F4E82C500FD61C7 /* Release */ = {
			isa = XCBuildConfiguration;
			buildSettings = {
				ALWAYS_SEARCH_USER_PATHS = NO;
				CLANG_ANALYZER_NONNULL = YES;
				CLANG_ANALYZER_NUMBER_OBJECT_CONVERSION = YES_AGGRESSIVE;
				CLANG_CXX_LANGUAGE_STANDARD = "gnu++0x";
				CLANG_CXX_LIBRARY = "libc++";
				CLANG_ENABLE_MODULES = YES;
				CLANG_ENABLE_OBJC_ARC = YES;
				CLANG_WARN_BOOL_CONVERSION = YES;
				CLANG_WARN_CONSTANT_CONVERSION = YES;
				CLANG_WARN_DIRECT_OBJC_ISA_USAGE = YES_ERROR;
				CLANG_WARN_DOCUMENTATION_COMMENTS = YES;
				CLANG_WARN_EMPTY_BODY = YES;
				CLANG_WARN_ENUM_CONVERSION = YES;
				CLANG_WARN_INFINITE_RECURSION = YES;
				CLANG_WARN_INT_CONVERSION = YES;
				CLANG_WARN_OBJC_ROOT_CLASS = YES_ERROR;
				CLANG_WARN_SUSPICIOUS_MOVE = YES;
				CLANG_WARN_UNREACHABLE_CODE = YES;
				CLANG_WARN__DUPLICATE_METHOD_MATCH = YES;
				CODE_SIGN_IDENTITY = "-";
				COPY_PHASE_STRIP = NO;
				DEBUG_INFORMATION_FORMAT = "dwarf-with-dsym";
				ENABLE_NS_ASSERTIONS = NO;
				ENABLE_STRICT_OBJC_MSGSEND = YES;
				GCC_C_LANGUAGE_STANDARD = gnu99;
				GCC_NO_COMMON_BLOCKS = YES;
				GCC_WARN_64_TO_32_BIT_CONVERSION = YES;
				GCC_WARN_ABOUT_RETURN_TYPE = YES_ERROR;
				GCC_WARN_UNDECLARED_SELECTOR = YES;
				GCC_WARN_UNINITIALIZED_AUTOS = YES_AGGRESSIVE;
				GCC_WARN_UNUSED_FUNCTION = YES;
				GCC_WARN_UNUSED_VARIABLE = YES;
				MACOSX_DEPLOYMENT_TARGET = 10.12;
				MTL_ENABLE_DEBUG_INFO = NO;
				SDKROOT = macosx;
			};
			name = Release;
		};
		5DAA3CD91F4E82C500FD61C7 /* Debug */ = {
			isa = XCBuildConfiguration;
			buildSettings = {
				DEVELOPMENT_TEAM = UL78A6B4GH;
				PRODUCT_NAME = "$(TARGET_NAME)";
				SWIFT_VERSION = 5.0;
			};
			name = Debug;
		};
		5DAA3CDA1F4E82C500FD61C7 /* Release */ = {
			isa = XCBuildConfiguration;
			buildSettings = {
				DEVELOPMENT_TEAM = UL78A6B4GH;
				PRODUCT_NAME = "$(TARGET_NAME)";
				SWIFT_VERSION = 5.0;
			};
			name = Release;
		};
/* End XCBuildConfiguration section */

/* Begin XCConfigurationList section */
		5DAA3CCC1F4E82C500FD61C7 /* Build configuration list for PBXProject "iPATools" */ = {
			isa = XCConfigurationList;
			buildConfigurations = (
				5DAA3CD61F4E82C500FD61C7 /* Debug */,
				5DAA3CD71F4E82C500FD61C7 /* Release */,
			);
			defaultConfigurationIsVisible = 0;
			defaultConfigurationName = Release;
		};
		5DAA3CD81F4E82C500FD61C7 /* Build configuration list for PBXNativeTarget "iPATools" */ = {
			isa = XCConfigurationList;
			buildConfigurations = (
				5DAA3CD91F4E82C500FD61C7 /* Debug */,
				5DAA3CDA1F4E82C500FD61C7 /* Release */,
			);
			defaultConfigurationIsVisible = 0;
			defaultConfigurationName = Release;
		};
/* End XCConfigurationList section */
	};
	rootObject = 5DAA3CC91F4E82C500FD61C7 /* Project object */;
}
